
Microsoft Visual Studio Solution File, Format Version 12.00
# Visual Studio 14
VisualStudioVersion = 14.0.25420.1
MinimumVisualStudioVersion = 10.0.40219.1
Project("{FAE04EC0-301F-11D3-BF4B-00C04F79EFBC}") = "WebAPIClient", "WebAPIClient\WebAPIClient.csproj", "{D0514D9A-3C2F-4BA9-89AB-E8E3CB0DC4BD}"
EndProject
Global
	GlobalSection(SolutionConfigurationPlatforms) = preSolution
		Debug|Any CPU = Debug|Any CPU
		Release|Any CPU = Release|Any CPU
	EndGlobalSection
	GlobalSection(ProjectConfigurationPlatforms) = postSolution
		{D0514D9A-3C2F-4BA9-89AB-E8E3CB0DC4BD}.Debug|Any CPU.ActiveCfg = Debug|Any CPU
		{D0514D9A-3C2F-4BA9-89AB-E8E3CB0DC4BD}.Debug|Any CPU.Build.0 = Debug|Any CPU
		{D0514D9A-3C2F-4BA9-89AB-E8E3CB0DC4BD}.Release|Any CPU.ActiveCfg = Release|Any CPU
		{D0514D9A-3C2F-4BA9-89AB-E8E3CB0DC4BD}.Release|Any CPU.Build.0 = Release|Any CPU
	EndGlobalSection
	GlobalSection(SolutionProperties) = preSolution
		HideSolutionNode = FALSE
	EndGlobalSection
EndGlobal
